
Microsoft Visual Studio Solution File, Format Version 12.00
# Visual Studio Version 17
VisualStudioVersion = 17.1.32228.430
MinimumVisualStudioVersion = 10.0.40219.1
Project("{9A19103F-16F7-4668-BE54-9A1E7A4F7556}") = "DoorManager.Api", "DoorManager.Api\DoorManager.Api.csproj", "{A39C46C0-E787-46AE-BF78-73C6A1816BCE}"
EndProject
Project("{9A19103F-16F7-4668-BE54-9A1E7A4F7556}") = "DoorManager.Entity", "DoorManager.Entity\DoorManager.Entity.csproj", "{6557EFD9-14FA-48F6-A620-A3D3CA62F702}"
EndProject
Project("{9A19103F-16F7-4668-BE54-9A1E7A4F7556}") = "DoorManager.Service", "DoorManager.Service\DoorManager.Service.csproj", "{B4A5A296-D608-4F83-B2B1-030E3788152B}"
EndProject
Project("{9A19103F-16F7-4668-BE54-9A1E7A4F7556}") = "DoorManager.Api.Test", "DoorManager.Api.Test\DoorManager.Api.Test.csproj", "{7F0DD507-D872-4247-800A-B506EEEC5502}"
EndProject
Project("{9A19103F-16F7-4668-BE54-9A1E7A4F7556}") = "DoorManager.Storage.MySql", "DoorManager.Storage.MySql\DoorManager.Storage.MySql.csproj", "{67654F6A-FB23-497B-A8F5-02EA1D7183E2}"
EndProject
Project("{9A19103F-16F7-4668-BE54-9A1E7A4F7556}") = "DoorManager.Storage.Interface", "DoorManager.Storage.Interface\DoorManager.Storage.Interface.csproj", "{EB344336-85C6-47F3-B6EE-3822840C72EF}"
EndProject
Project("{2150E333-8FDC-42A3-9474-1A3956D46DE8}") = "Source", "Source", "{D5E6A7FD-E78D-40F6-B077-A11FC3D09F1E}"
EndProject
Global
	GlobalSection(SolutionConfigurationPlatforms) = preSolution
		Debug|Any CPU = Debug|Any CPU
		Release|Any CPU = Release|Any CPU
	EndGlobalSection
	GlobalSection(ProjectConfigurationPlatforms) = postSolution
		{A39C46C0-E787-46AE-BF78-73C6A1816BCE}.Debug|Any CPU.ActiveCfg = Debug|Any CPU
		{A39C46C0-E787-46AE-BF78-73C6A1816BCE}.Debug|Any CPU.Build.0 = Debug|Any CPU
		{A39C46C0-E787-46AE-BF78-73C6A1816BCE}.Release|Any CPU.ActiveCfg = Release|Any CPU
		{A39C46C0-E787-46AE-BF78-73C6A1816BCE}.Release|Any CPU.Build.0 = Release|Any CPU
		{6557EFD9-14FA-48F6-A620-A3D3CA62F702}.Debug|Any CPU.ActiveCfg = Debug|Any CPU
		{6557EFD9-14FA-48F6-A620-A3D3CA62F702}.Debug|Any CPU.Build.0 = Debug|Any CPU
		{6557EFD9-14FA-48F6-A620-A3D3CA62F702}.Release|Any CPU.ActiveCfg = Release|Any CPU
		{6557EFD9-14FA-48F6-A620-A3D3CA62F702}.Release|Any CPU.Build.0 = Release|Any CPU
		{B4A5A296-D608-4F83-B2B1-030E3788152B}.Debug|Any CPU.ActiveCfg = Debug|Any CPU
		{B4A5A296-D608-4F83-B2B1-030E3788152B}.Debug|Any CPU.Build.0 = Debug|Any CPU
		{B4A5A296-D608-4F83-B2B1-030E3788152B}.Release|Any CPU.ActiveCfg = Release|Any CPU
		{B4A5A296-D608-4F83-B2B1-030E3788152B}.Release|Any CPU.Build.0 = Release|Any CPU
		{7F0DD507-D872-4247-800A-B506EEEC5502}.Debug|Any CPU.ActiveCfg = Debug|Any CPU
		{7F0DD507-D872-4247-800A-B506EEEC5502}.Debug|Any CPU.Build.0 = Debug|Any CPU
		{7F0DD507-D872-4247-800A-B506EEEC5502}.Release|Any CPU.ActiveCfg = Release|Any CPU
		{7F0DD507-D872-4247-800A-B506EEEC5502}.Release|Any CPU.Build.0 = Release|Any CPU
		{67654F6A-FB23-497B-A8F5-02EA1D7183E2}.Debug|Any CPU.ActiveCfg = Debug|Any CPU
		{67654F6A-FB23-497B-A8F5-02EA1D7183E2}.Debug|Any CPU.Build.0 = Debug|Any CPU
		{67654F6A-FB23-497B-A8F5-02EA1D7183E2}.Release|Any CPU.ActiveCfg = Release|Any CPU
		{67654F6A-FB23-497B-A8F5-02EA1D7183E2}.Release|Any CPU.Build.0 = Release|Any CPU
		{EB344336-85C6-47F3-B6EE-3822840C72EF}.Debug|Any CPU.ActiveCfg = Debug|Any CPU
		{EB344336-85C6-47F3-B6EE-3822840C72EF}.Debug|Any CPU.Build.0 = Debug|Any CPU
		{EB344336-85C6-47F3-B6EE-3822840C72EF}.Release|Any CPU.ActiveCfg = Release|Any CPU
		{EB344336-85C6-47F3-B6EE-3822840C72EF}.Release|Any CPU.Build.0 = Release|Any CPU
	EndGlobalSection
	GlobalSection(SolutionProperties) = preSolution
		HideSolutionNode = FALSE
	EndGlobalSection
	GlobalSection(NestedProjects) = preSolution
		{A39C46C0-E787-46AE-BF78-73C6A1816BCE} = {D5E6A7FD-E78D-40F6-B077-A11FC3D09F1E}
		{6557EFD9-14FA-48F6-A620-A3D3CA62F702} = {D5E6A7FD-E78D-40F6-B077-A11FC3D09F1E}
		{B4A5A296-D608-4F83-B2B1-030E3788152B} = {D5E6A7FD-E78D-40F6-B077-A11FC3D09F1E}
		{7F0DD507-D872-4247-800A-B506EEEC5502} = {D5E6A7FD-E78D-40F6-B077-A11FC3D09F1E}
		{67654F6A-FB23-497B-A8F5-02EA1D7183E2} = {D5E6A7FD-E78D-40F6-B077-A11FC3D09F1E}
		{EB344336-85C6-47F3-B6EE-3822840C72EF} = {D5E6A7FD-E78D-40F6-B077-A11FC3D09F1E}
	EndGlobalSection
	GlobalSection(ExtensibilityGlobals) = postSolution
		SolutionGuid = {6ADA5EE5-25B9-48A3-A2B0-5F5297D450C9}
	EndGlobalSection
EndGlobal
